
Microsoft Visual Studio Solution File, Format Version 12.00
# Visual Studio Version 16
VisualStudioVersion = 16.0.28922.388
MinimumVisualStudioVersion = 10.0.40219.1
Project("{FAE04EC0-301F-11D3-BF4B-00C04F79EFBC}") = "CouchbaseDI", "CouchbaseDI\CouchbaseDI.csproj", "{493B0304-A1C5-4D16-990F-F29B759A06FB}"
EndProject
Global
	GlobalSection(SolutionConfigurationPlatforms) = preSolution
		Debug|Any CPU = Debug|Any CPU
		Release|Any CPU = Release|Any CPU
	EndGlobalSection
	GlobalSection(ProjectConfigurationPlatforms) = postSolution
		{493B0304-A1C5-4D16-990F-F29B759A06FB}.Debug|Any CPU.ActiveCfg = Debug|Any CPU
		{493B0304-A1C5-4D16-990F-F29B759A06FB}.Debug|Any CPU.Build.0 = Debug|Any CPU
		{493B0304-A1C5-4D16-990F-F29B759A06FB}.Release|Any CPU.ActiveCfg = Release|Any CPU
		{493B0304-A1C5-4D16-990F-F29B759A06FB}.Release|Any CPU.Build.0 = Release|Any CPU
	EndGlobalSection
	GlobalSection(SolutionProperties) = preSolution
		HideSolutionNode = FALSE
	EndGlobalSection
	GlobalSection(ExtensibilityGlobals) = postSolution
		SolutionGuid = {8E2F8296-B865-43E1-9F18-C2E758E1BEC8}
	EndGlobalSection
EndGlobal
